
Microsoft Visual Studio Solution File, Format Version 12.00
# Visual Studio 15
VisualStudioVersion = 15.0.28307.852
MinimumVisualStudioVersion = 10.0.40219.1
Project("{FAE04EC0-301F-11D3-BF4B-00C04F79EFBC}") = "01-ByteBank", "01-ByteBank\01-ByteBank.csproj", "{CD21903D-0B68-400C-B544-AF4C0357024F}"
EndProject
Project("{FAE04EC0-301F-11D3-BF4B-00C04F79EFBC}") = "02-ByteBank", "02-ByteBank\02-ByteBank.csproj", "{866E55F5-0BB3-49ED-A043-2974CD1FD95A}"
EndProject
Project("{FAE04EC0-301F-11D3-BF4B-00C04F79EFBC}") = "03 - ByteBank", "03 - ByteBank\03 - ByteBank.csproj", "{0F8531BC-D0A1-4B6C-B80F-B5DBA914457C}"
EndProject
Project("{FAE04EC0-301F-11D3-BF4B-00C04F79EFBC}") = "04-ByteBank", "04-ByteBank\04-ByteBank.csproj", "{A794046E-BDD4-4F14-AC8A-8EF1B7047D69}"
EndProject
Project("{FAE04EC0-301F-11D3-BF4B-00C04F79EFBC}") = "05-ByteBank", "05-ByteBank\05-ByteBank.csproj", "{3F4328FB-95D2-46CB-8675-4CD2CAC13EE2}"
EndProject
Project("{FAE04EC0-301F-11D3-BF4B-00C04F79EFBC}") = "06-ByteBank", "06-ByteBank\06-ByteBank.csproj", "{4AB0ECC7-8825-4A52-A77A-E023CC573070}"
EndProject
Project("{FAE04EC0-301F-11D3-BF4B-00C04F79EFBC}") = "07-ByteBank", "07-ByteBank\07-ByteBank.csproj", "{0A0E8565-F8E9-4F97-94CD-8BF57CF3F99E}"
EndProject
Project("{2150E333-8FDC-42A3-9474-1A3956D46DE8}") = "Curso 1", "Curso 1", "{CB8271B3-4FDA-4764-993E-B26414DD0EC5}"
EndProject
Project("{2150E333-8FDC-42A3-9474-1A3956D46DE8}") = "Curso 2", "Curso 2", "{F58F743A-2048-4AC2-865A-096359504BE6}"
EndProject
Project("{FAE04EC0-301F-11D3-BF4B-00C04F79EFBC}") = "ByteBank", "ByteBank\ByteBank.csproj", "{580E727D-FE29-496C-9808-FD5066A9E0EB}"
EndProject
Global
	GlobalSection(SolutionConfigurationPlatforms) = preSolution
		Debug|Any CPU = Debug|Any CPU
		Release|Any CPU = Release|Any CPU
	EndGlobalSection
	GlobalSection(ProjectConfigurationPlatforms) = postSolution
		{CD21903D-0B68-400C-B544-AF4C0357024F}.Debug|Any CPU.ActiveCfg = Debug|Any CPU
		{CD21903D-0B68-400C-B544-AF4C0357024F}.Debug|Any CPU.Build.0 = Debug|Any CPU
		{CD21903D-0B68-400C-B544-AF4C0357024F}.Release|Any CPU.ActiveCfg = Release|Any CPU
		{CD21903D-0B68-400C-B544-AF4C0357024F}.Release|Any CPU.Build.0 = Release|Any CPU
		{866E55F5-0BB3-49ED-A043-2974CD1FD95A}.Debug|Any CPU.ActiveCfg = Debug|Any CPU
		{866E55F5-0BB3-49ED-A043-2974CD1FD95A}.Debug|Any CPU.Build.0 = Debug|Any CPU
		{866E55F5-0BB3-49ED-A043-2974CD1FD95A}.Release|Any CPU.ActiveCfg = Release|Any CPU
		{866E55F5-0BB3-49ED-A043-2974CD1FD95A}.Release|Any CPU.Build.0 = Release|Any CPU
		{0F8531BC-D0A1-4B6C-B80F-B5DBA914457C}.Debug|Any CPU.ActiveCfg = Debug|Any CPU
		{0F8531BC-D0A1-4B6C-B80F-B5DBA914457C}.Debug|Any CPU.Build.0 = Debug|Any CPU
		{0F8531BC-D0A1-4B6C-B80F-B5DBA914457C}.Release|Any CPU.ActiveCfg = Release|Any CPU
		{0F8531BC-D0A1-4B6C-B80F-B5DBA914457C}.Release|Any CPU.Build.0 = Release|Any CPU
		{A794046E-BDD4-4F14-AC8A-8EF1B7047D69}.Debug|Any CPU.ActiveCfg = Debug|Any CPU
		{A794046E-BDD4-4F14-AC8A-8EF1B7047D69}.Debug|Any CPU.Build.0 = Debug|Any CPU
		{A794046E-BDD4-4F14-AC8A-8EF1B7047D69}.Release|Any CPU.ActiveCfg = Release|Any CPU
		{A794046E-BDD4-4F14-AC8A-8EF1B7047D69}.Release|Any CPU.Build.0 = Release|Any CPU
		{3F4328FB-95D2-46CB-8675-4CD2CAC13EE2}.Debug|Any CPU.ActiveCfg = Debug|Any CPU
		{3F4328FB-95D2-46CB-8675-4CD2CAC13EE2}.Debug|Any CPU.Build.0 = Debug|Any CPU
		{3F4328FB-95D2-46CB-8675-4CD2CAC13EE2}.Release|Any CPU.ActiveCfg = Release|Any CPU
		{3F4328FB-95D2-46CB-8675-4CD2CAC13EE2}.Release|Any CPU.Build.0 = Release|Any CPU
		{4AB0ECC7-8825-4A52-A77A-E023CC573070}.Debug|Any CPU.ActiveCfg = Debug|Any CPU
		{4AB0ECC7-8825-4A52-A77A-E023CC573070}.Debug|Any CPU.Build.0 = Debug|Any CPU
		{4AB0ECC7-8825-4A52-A77A-E023CC573070}.Release|Any CPU.ActiveCfg = Release|Any CPU
		{4AB0ECC7-8825-4A52-A77A-E023CC573070}.Release|Any CPU.Build.0 = Release|Any CPU
		{0A0E8565-F8E9-4F97-94CD-8BF57CF3F99E}.Debug|Any CPU.ActiveCfg = Debug|Any CPU
		{0A0E8565-F8E9-4F97-94CD-8BF57CF3F99E}.Debug|Any CPU.Build.0 = Debug|Any CPU
		{0A0E8565-F8E9-4F97-94CD-8BF57CF3F99E}.Release|Any CPU.ActiveCfg = Release|Any CPU
		{0A0E8565-F8E9-4F97-94CD-8BF57CF3F99E}.Release|Any CPU.Build.0 = Release|Any CPU
		{580E727D-FE29-496C-9808-FD5066A9E0EB}.Debug|Any CPU.ActiveCfg = Debug|Any CPU
		{580E727D-FE29-496C-9808-FD5066A9E0EB}.Debug|Any CPU.Build.0 = Debug|Any CPU
		{580E727D-FE29-496C-9808-FD5066A9E0EB}.Release|Any CPU.ActiveCfg = Release|Any CPU
		{580E727D-FE29-496C-9808-FD5066A9E0EB}.Release|Any CPU.Build.0 = Release|Any CPU
	EndGlobalSection
	GlobalSection(SolutionProperties) = preSolution
		HideSolutionNode = FALSE
	EndGlobalSection
	GlobalSection(NestedProjects) = preSolution
		{CD21903D-0B68-400C-B544-AF4C0357024F} = {CB8271B3-4FDA-4764-993E-B26414DD0EC5}
		{866E55F5-0BB3-49ED-A043-2974CD1FD95A} = {CB8271B3-4FDA-4764-993E-B26414DD0EC5}
		{0F8531BC-D0A1-4B6C-B80F-B5DBA914457C} = {CB8271B3-4FDA-4764-993E-B26414DD0EC5}
		{A794046E-BDD4-4F14-AC8A-8EF1B7047D69} = {CB8271B3-4FDA-4764-993E-B26414DD0EC5}
		{3F4328FB-95D2-46CB-8675-4CD2CAC13EE2} = {CB8271B3-4FDA-4764-993E-B26414DD0EC5}
		{4AB0ECC7-8825-4A52-A77A-E023CC573070} = {CB8271B3-4FDA-4764-993E-B26414DD0EC5}
		{0A0E8565-F8E9-4F97-94CD-8BF57CF3F99E} = {CB8271B3-4FDA-4764-993E-B26414DD0EC5}
		{580E727D-FE29-496C-9808-FD5066A9E0EB} = {F58F743A-2048-4AC2-865A-096359504BE6}
	EndGlobalSection
	GlobalSection(ExtensibilityGlobals) = postSolution
		SolutionGuid = {10D65813-0843-473E-B4FB-495842E1E7B6}
	EndGlobalSection
EndGlobal
